// !$*UTF8*$!
{
	archiveVersion = 1;
	classes = {
	};
	objectVersion = 46;
	objects = {

/* Begin PBXBuildFile section */
		8B87A8F71A59E2570032D5EF /* AppDelegate.swift in Sources */ = {isa = PBXBuildFile; fileRef = 8B87A8F61A59E2570032D5EF /* AppDelegate.swift */; };
		8B87A8F91A59E2570032D5EF /* ViewController.swift in Sources */ = {isa = PBXBuildFile; fileRef = 8B87A8F81A59E2570032D5EF /* ViewController.swift */; };
		8B87A8FC1A59E2570032D5EF /* Main.storyboard in Resources */ = {isa = PBXBuildFile; fileRef = 8B87A8FA1A59E2570032D5EF /* Main.storyboard */; };
		8B87A8FE1A59E2570032D5EF /* Images.xcassets in Resources */ = {isa = PBXBuildFile; fileRef = 8B87A8FD1A59E2570032D5EF /* Images.xcassets */; };
		8B87A9011A59E2570032D5EF /* LaunchScreen.xib in Resources */ = {isa = PBXBuildFile; fileRef = 8B87A8FF1A59E2570032D5EF /* LaunchScreen.xib */; };
		8B87A90D1A59E2570032D5EF /* SHTimerTests.swift in Sources */ = {isa = PBXBuildFile; fileRef = 8B87A90C1A59E2570032D5EF /* SHTimerTests.swift */; };
		8B87A9181A59E2870032D5EF /* SHTimer.swift in Sources */ = {isa = PBXBuildFile; fileRef = 8B87A9171A59E2870032D5EF /* SHTimer.swift */; };
/* End PBXBuildFile section */

/* Begin PBXContainerItemProxy section */
		8B87A9071A59E2570032D5EF /* PBXContainerItemProxy */ = {
			isa = PBXContainerItemProxy;
			containerPortal = 8B87A8E91A59E2570032D5EF /* Project object */;
			proxyType = 1;
			remoteGlobalIDString = 8B87A8F01A59E2570032D5EF;
			remoteInfo = SHTimer;
		};
/* End PBXContainerItemProxy section */

/* Begin PBXFileReference section */
		8B87A8F11A59E2570032D5EF /* SHTimer.app */ = {isa = PBXFileReference; explicitFileType = wrapper.application; includeInIndex = 0; path = SHTimer.app; sourceTree = BUILT_PRODUCTS_DIR; };
		8B87A8F51A59E2570032D5EF /* Info.plist */ = {isa = PBXFileReference; lastKnownFileType = text.plist.xml; path = Info.plist; sourceTree = "<group>"; };
		8B87A8F61A59E2570032D5EF /* AppDelegate.swift */ = {isa = PBXFileReference; lastKnownFileType = sourcecode.swift; path = AppDelegate.swift; sourceTree = "<group>"; };
		8B87A8F81A59E2570032D5EF /* ViewController.swift */ = {isa = PBXFileReference; lastKnownFileType = sourcecode.swift; path = ViewController.swift; sourceTree = "<group>"; };
		8B87A8FB1A59E2570032D5EF /* Base */ = {isa = PBXFileReference; lastKnownFileType = file.storyboard; name = Base; path = Base.lproj/Main.storyboard; sourceTree = "<group>"; };
		8B87A8FD1A59E2570032D5EF /* Images.xcassets */ = {isa = PBXFileReference; lastKnownFileType = folder.assetcatalog; path = Images.xcassets; sourceTree = "<group>"; };
		8B87A9001A59E2570032D5EF /* Base */ = {isa = PBXFileReference; lastKnownFileType = file.xib; name = Base; path = Base.lproj/LaunchScreen.xib; sourceTree = "<group>"; };
		8B87A9061A59E2570032D5EF /* SHTimerTests.xctest */ = {isa = PBXFileReference; explicitFileType = wrapper.cfbundle; includeInIndex = 0; path = SHTimerTests.xctest; sourceTree = BUILT_PRODUCTS_DIR; };
		8B87A90B1A59E2570032D5EF /* Info.plist */ = {isa = PBXFileReference; lastKnownFileType = text.plist.xml; path = Info.plist; sourceTree = "<group>"; };
		8B87A90C1A59E2570032D5EF /* SHTimerTests.swift */ = {isa = PBXFileReference; lastKnownFileType = sourcecode.swift; path = SHTimerTests.swift; sourceTree = "<group>"; };
		8B87A9171A59E2870032D5EF /* SHTimer.swift */ = {isa = PBXFileReference; fileEncoding = 4; lastKnownFileType = sourcecode.swift; path = SHTimer.swift; sourceTree = "<group>"; };
/* End PBXFileReference section */

/* Begin PBXFrameworksBuildPhase section */
		8B87A8EE1A59E2570032D5EF /* Frameworks */ = {
			isa = PBXFrameworksBuildPhase;
			buildActionMask = 2147483647;
			files = (
			);
			runOnlyForDeploymentPostprocessing = 0;
		};
		8B87A9031A59E2570032D5EF /* Frameworks */ = {
			isa = PBXFrameworksBuildPhase;
			buildActionMask = 2147483647;
			files = (
			);
			runOnlyForDeploymentPostprocessing = 0;
		};
/* End PBXFrameworksBuildPhase section */

/* Begin PBXGroup section */
		8B87A8E81A59E2570032D5EF = {
			isa = PBXGroup;
			children = (
				8B87A8F31A59E2570032D5EF /* SHTimer */,
				8B87A9091A59E2570032D5EF /* SHTimerTests */,
				8B87A8F21A59E2570032D5EF /* Products */,
			);
			sourceTree = "<group>";
		};
		8B87A8F21A59E2570032D5EF /* Products */ = {
			isa = PBXGroup;
			children = (
				8B87A8F11A59E2570032D5EF /* SHTimer.app */,
				8B87A9061A59E2570032D5EF /* SHTimerTests.xctest */,
			);
			name = Products;
			sourceTree = "<group>";
		};
		8B87A8F31A59E2570032D5EF /* SHTimer */ = {
			isa = PBXGroup;
			children = (
				8B87A8F61A59E2570032D5EF /* AppDelegate.swift */,
				8B87A8F81A59E2570032D5EF /* ViewController.swift */,
				8B87A8FA1A59E2570032D5EF /* Main.storyboard */,
				8B87A8FD1A59E2570032D5EF /* Images.xcassets */,
				8B87A8FF1A59E2570032D5EF /* LaunchScreen.xib */,
				8B87A9161A59E2720032D5EF /* SHTimer */,
				8B87A8F41A59E2570032D5EF /* Supporting Files */,
			);
			path = SHTimer;
			sourceTree = "<group>";
		};
		8B87A8F41A59E2570032D5EF /* Supporting Files */ = {
			isa = PBXGroup;
			children = (
				8B87A8F51A59E2570032D5EF /* Info.plist */,
			);
			name = "Supporting Files";
			sourceTree = "<group>";
		};
		8B87A9091A59E2570032D5EF /* SHTimerTests */ = {
			isa = PBXGroup;
			children = (
				8B87A90C1A59E2570032D5EF /* SHTimerTests.swift */,
				8B87A90A1A59E2570032D5EF /* Supporting Files */,
			);
			path = SHTimerTests;
			sourceTree = "<group>";
		};
		8B87A90A1A59E2570032D5EF /* Supporting Files */ = {
			isa = PBXGroup;
			children = (
				8B87A90B1A59E2570032D5EF /* Info.plist */,
			);
			name = "Supporting Files";
			sourceTree = "<group>";
		};
		8B87A9161A59E2720032D5EF /* SHTimer */ = {
			isa = PBXGroup;
			children = (
				8B87A9171A59E2870032D5EF /* SHTimer.swift */,
			);
			path = SHTimer;
			sourceTree = "<group>";
		};
/* End PBXGroup section */

/* Begin PBXNativeTarget section */
		8B87A8F01A59E2570032D5EF /* SHTimer */ = {
			isa = PBXNativeTarget;
			buildConfigurationList = 8B87A9101A59E2570032D5EF /* Build configuration list for PBXNativeTarget "SHTimer" */;
			buildPhases = (
				8B87A8ED1A59E2570032D5EF /* Sources */,
				8B87A8EE1A59E2570032D5EF /* Frameworks */,
				8B87A8EF1A59E2570032D5EF /* Resources */,
			);
			buildRules = (
			);
			dependencies = (
			);
			name = SHTimer;
			productName = SHTimer;
			productReference = 8B87A8F11A59E2570032D5EF /* SHTimer.app */;
			productType = "com.apple.product-type.application";
		};
		8B87A9051A59E2570032D5EF /* SHTimerTests */ = {
			isa = PBXNativeTarget;
			buildConfigurationList = 8B87A9131A59E2570032D5EF /* Build configuration list for PBXNativeTarget "SHTimerTests" */;
			buildPhases = (
				8B87A9021A59E2570032D5EF /* Sources */,
				8B87A9031A59E2570032D5EF /* Frameworks */,
				8B87A9041A59E2570032D5EF /* Resources */,
			);
			buildRules = (
			);
			dependencies = (
				8B87A9081A59E2570032D5EF /* PBXTargetDependency */,
			);
			name = SHTimerTests;
			productName = SHTimerTests;
			productReference = 8B87A9061A59E2570032D5EF /* SHTimerTests.xctest */;
			productType = "com.apple.product-type.bundle.unit-test";
		};
/* End PBXNativeTarget section */

/* Begin PBXProject section */
		8B87A8E91A59E2570032D5EF /* Project object */ = {
			isa = PBXProject;
			attributes = {
				LastSwiftUpdateCheck = 0700;
				LastUpgradeCheck = 0800;
				ORGANIZATIONNAME = SportHub;
				TargetAttributes = {
					8B87A8F01A59E2570032D5EF = {
						CreatedOnToolsVersion = 6.1.1;
						DevelopmentTeam = 2A96F58KCE;
						LastSwiftMigration = 0800;
						ProvisioningStyle = Automatic;
					};
					8B87A9051A59E2570032D5EF = {
						CreatedOnToolsVersion = 6.1.1;
						LastSwiftMigration = 0800;
						TestTargetID = 8B87A8F01A59E2570032D5EF;
					};
				};
			};
			buildConfigurationList = 8B87A8EC1A59E2570032D5EF /* Build configuration list for PBXProject "SHTimer" */;
			compatibilityVersion = "Xcode 3.2";
			developmentRegion = English;
			hasScannedForEncodings = 0;
			knownRegions = (
				en,
				Base,
			);
			mainGroup = 8B87A8E81A59E2570032D5EF;
			productRefGroup = 8B87A8F21A59E2570032D5EF /* Products */;
			projectDirPath = "";
			projectRoot = "";
			targets = (
				8B87A8F01A59E2570032D5EF /* SHTimer */,
				8B87A9051A59E2570032D5EF /* SHTimerTests */,
			);
		};
/* End PBXProject section */

/* Begin PBXResourcesBuildPhase section */
		8B87A8EF1A59E2570032D5EF /* Resources */ = {
			isa = PBXResourcesBuildPhase;
			buildActionMask = 2147483647;
			files = (
				8B87A8FC1A59E2570032D5EF /* Main.storyboard in Resources */,
				8B87A9011A59E2570032D5EF /* LaunchScreen.xib in Resources */,
				8B87A8FE1A59E2570032D5EF /* Images.xcassets in Resources */,
			);
			runOnlyForDeploymentPostprocessing = 0;
		};
		8B87A9041A59E2570032D5EF /* Resources */ = {
			isa = PBXResourcesBuildPhase;
			buildActionMask = 2147483647;
			files = (
			);
			runOnlyForDeploymentPostprocessing = 0;
		};
/* End PBXResourcesBuildPhase section */

/* Begin PBXSourcesBuildPhase section */
		8B87A8ED1A59E2570032D5EF /* Sources */ = {
			isa = PBXSourcesBuildPhase;
			buildActionMask = 2147483647;
			files = (
				8B87A8F91A59E2570032D5EF /* ViewController.swift in Sources */,
				8B87A9181A59E2870032D5EF /* SHTimer.swift in Sources */,
				8B87A8F71A59E2570032D5EF /* AppDelegate.swift in Sources */,
			);
			runOnlyForDeploymentPostprocessing = 0;
		};
		8B87A9021A59E2570032D5EF /* Sources */ = {
			isa = PBXSourcesBuildPhase;
			buildActionMask = 2147483647;
			files = (
				8B87A90D1A59E2570032D5EF /* SHTimerTests.swift in Sources */,
			);
			runOnlyForDeploymentPostprocessing = 0;
		};
/* End PBXSourcesBuildPhase section */

/* Begin PBXTargetDependency section */
		8B87A9081A59E2570032D5EF /* PBXTargetDependency */ = {
			isa = PBXTargetDependency;
			target = 8B87A8F01A59E2570032D5EF /* SHTimer */;
			targetProxy = 8B87A9071A59E2570032D5EF /* PBXContainerItemProxy */;
		};
/* End PBXTargetDependency section */

/* Begin PBXVariantGroup section */
		8B87A8FA1A59E2570032D5EF /* Main.storyboard */ = {
			isa = PBXVariantGroup;
			children = (
				8B87A8FB1A59E2570032D5EF /* Base */,
			);
			name = Main.storyboard;
			sourceTree = "<group>";
		};
		8B87A8FF1A59E2570032D5EF /* LaunchScreen.xib */ = {
			isa = PBXVariantGroup;
			children = (
				8B87A9001A59E2570032D5EF /* Base */,
			);
			name = LaunchScreen.xib;
			sourceTree = "<group>";
		};
/* End PBXVariantGroup section */

/* Begin XCBuildConfiguration section */
		8B87A90E1A59E2570032D5EF /* Debug */ = {
			isa = XCBuildConfiguration;
			buildSettings = {
				ALWAYS_SEARCH_USER_PATHS = NO;
				CLANG_CXX_LANGUAGE_STANDARD = "gnu++0x";
				CLANG_CXX_LIBRARY = "libc++";
				CLANG_ENABLE_MODULES = YES;
				CLANG_ENABLE_OBJC_ARC = YES;
				CLANG_WARN_BOOL_CONVERSION = YES;
				CLANG_WARN_CONSTANT_CONVERSION = YES;
				CLANG_WARN_DIRECT_OBJC_ISA_USAGE = YES_ERROR;
				CLANG_WARN_EMPTY_BODY = YES;
				CLANG_WARN_ENUM_CONVERSION = YES;
				CLANG_WARN_INT_CONVERSION = YES;
				CLANG_WARN_OBJC_ROOT_CLASS = YES_ERROR;
				CLANG_WARN_UNREACHABLE_CODE = YES;
				CLANG_WARN__DUPLICATE_METHOD_MATCH = YES;
				"CODE_SIGN_IDENTITY[sdk=iphoneos*]" = "iPhone Developer";
				COPY_PHASE_STRIP = NO;
				ENABLE_STRICT_OBJC_MSGSEND = YES;
				ENABLE_TESTABILITY = YES;
				GCC_C_LANGUAGE_STANDARD = gnu99;
				GCC_DYNAMIC_NO_PIC = NO;
				GCC_NO_COMMON_BLOCKS = YES;
				GCC_OPTIMIZATION_LEVEL = 0;
				GCC_PREPROCESSOR_DEFINITIONS = (
					"DEBUG=1",
					"$(inherited)",
				);
				GCC_SYMBOLS_PRIVATE_EXTERN = NO;
				GCC_WARN_64_TO_32_BIT_CONVERSION = YES;
				GCC_WARN_ABOUT_RETURN_TYPE = YES_ERROR;
				GCC_WARN_UNDECLARED_SELECTOR = YES;
				GCC_WARN_UNINITIALIZED_AUTOS = YES_AGGRESSIVE;
				GCC_WARN_UNUSED_FUNCTION = YES;
				GCC_WARN_UNUSED_VARIABLE = YES;
				IPHONEOS_DEPLOYMENT_TARGET = 8.0;
				MTL_ENABLE_DEBUG_INFO = YES;
				ONLY_ACTIVE_ARCH = YES;
				SDKROOT = iphoneos;
				SWIFT_OPTIMIZATION_LEVEL = "-Onone";
				TARGETED_DEVICE_FAMILY = "1,2";
			};
			name = Debug;
		};
		8B87A90F1A59E2570032D5EF /* Release */ = {
			isa = XCBuildConfiguration;
			buildSettings = {
				ALWAYS_SEARCH_USER_PATHS = NO;
				CLANG_CXX_LANGUAGE_STANDARD = "gnu++0x";
				CLANG_CXX_LIBRARY = "libc++";
				CLANG_ENABLE_MODULES = YES;
				CLANG_ENABLE_OBJC_ARC = YES;
				CLANG_WARN_BOOL_CONVERSION = YES;
				CLANG_WARN_CONSTANT_CONVERSION = YES;
				CLANG_WARN_DIRECT_OBJC_ISA_USAGE = YES_ERROR;
				CLANG_WARN_EMPTY_BODY = YES;
				CLANG_WARN_ENUM_CONVERSION = YES;
				CLANG_WARN_INT_CONVERSION = YES;
				CLANG_WARN_OBJC_ROOT_CLASS = YES_ERROR;
				CLANG_WARN_UNREACHABLE_CODE = YES;
				CLANG_WARN__DUPLICATE_METHOD_MATCH = YES;
				"CODE_SIGN_IDENTITY[sdk=iphoneos*]" = "iPhone Developer";
				COPY_PHASE_STRIP = YES;
				ENABLE_NS_ASSERTIONS = NO;
				ENABLE_STRICT_OBJC_MSGSEND = YES;
				GCC_C_LANGUAGE_STANDARD = gnu99;
				GCC_NO_COMMON_BLOCKS = YES;
				GCC_WARN_64_TO_32_BIT_CONVERSION = YES;
				GCC_WARN_ABOUT_RETURN_TYPE = YES_ERROR;
				GCC_WARN_UNDECLARED_SELECTOR = YES;
				GCC_WARN_UNINITIALIZED_AUTOS = YES_AGGRESSIVE;
				GCC_WARN_UNUSED_FUNCTION = YES;
				GCC_WARN_UNUSED_VARIABLE = YES;
				IPHONEOS_DEPLOYMENT_TARGET = 8.0;
				MTL_ENABLE_DEBUG_INFO = NO;
				SDKROOT = iphoneos;
				TARGETED_DEVICE_FAMILY = "1,2";
				VALIDATE_PRODUCT = YES;
			};
			name = Release;
		};
		8B87A9111A59E2570032D5EF /* Debug */ = {
			isa = XCBuildConfiguration;
			buildSettings = {
				ASSETCATALOG_COMPILER_APPICON_NAME = AppIcon;
				"CODE_SIGN_IDENTITY[sdk=iphoneos*]" = "iPhone Developer";
				DEVELOPMENT_TEAM = 2A96F58KCE;
				INFOPLIST_FILE = SHTimer/Info.plist;
				LD_RUNPATH_SEARCH_PATHS = "$(inherited) @executable_path/Frameworks";
				PRODUCT_BUNDLE_IDENTIFIER = "io.sporthub.$(PRODUCT_NAME:rfc1034identifier)";
				PRODUCT_NAME = "$(TARGET_NAME)";
				SWIFT_VERSION = 3.0;
			};
			name = Debug;
		};
		8B87A9121A59E2570032D5EF /* Release */ = {
			isa = XCBuildConfiguration;
			buildSettings = {
				ASSETCATALOG_COMPILER_APPICON_NAME = AppIcon;
				"CODE_SIGN_IDENTITY[sdk=iphoneos*]" = "iPhone Developer";
				DEVELOPMENT_TEAM = 2A96F58KCE;
				INFOPLIST_FILE = SHTimer/Info.plist;
				LD_RUNPATH_SEARCH_PATHS = "$(inherited) @executable_path/Frameworks";
				PRODUCT_BUNDLE_IDENTIFIER = "io.sporthub.$(PRODUCT_NAME:rfc1034identifier)";
				PRODUCT_NAME = "$(TARGET_NAME)";
				SWIFT_OPTIMIZATION_LEVEL = "-Owholemodule";
				SWIFT_VERSION = 3.0;
			};
			name = Release;
		};
		8B87A9141A59E2570032D5EF /* Debug */ = {
			isa = XCBuildConfiguration;
			buildSettings = {
				BUNDLE_LOADER = "$(TEST_HOST)";
				FRAMEWORK_SEARCH_PATHS = "$(inherited)";
				GCC_PREPROCESSOR_DEFINITIONS = (
					"DEBUG=1",
					"$(inherited)",
				);
				INFOPLIST_FILE = SHTimerTests/Info.plist;
				LD_RUNPATH_SEARCH_PATHS = "$(inherited) @executable_path/Frameworks @loader_path/Frameworks";
				PRODUCT_BUNDLE_IDENTIFIER = "io.sporthub.$(PRODUCT_NAME:rfc1034identifier)";
				PRODUCT_NAME = "$(TARGET_NAME)";
				SWIFT_VERSION = 3.0;
				TEST_HOST = "$(BUILT_PRODUCTS_DIR)/SHTimer.app/SHTimer";
			};
			name = Debug;
		};
		8B87A9151A59E2570032D5EF /* Release */ = {
			isa = XCBuildConfiguration;
			buildSettings = {
				BUNDLE_LOADER = "$(TEST_HOST)";
				FRAMEWORK_SEARCH_PATHS = "$(inherited)";
				INFOPLIST_FILE = SHTimerTests/Info.plist;
				LD_RUNPATH_SEARCH_PATHS = "$(inherited) @executable_path/Frameworks @loader_path/Frameworks";
				PRODUCT_BUNDLE_IDENTIFIER = "io.sporthub.$(PRODUCT_NAME:rfc1034identifier)";
				PRODUCT_NAME = "$(TARGET_NAME)";
				SWIFT_OPTIMIZATION_LEVEL = "-Owholemodule";
				SWIFT_VERSION = 3.0;
				TEST_HOST = "$(BUILT_PRODUCTS_DIR)/SHTimer.app/SHTimer";
			};
			name = Release;
		};
/* End XCBuildConfiguration section */

/* Begin XCConfigurationList section */
		8B87A8EC1A59E2570032D5EF /* Build configuration list for PBXProject "SHTimer" */ = {
			isa = XCConfigurationList;
			buildConfigurations = (
				8B87A90E1A59E2570032D5EF /* Debug */,
				8B87A90F1A59E2570032D5EF /* Release */,
			);
			defaultConfigurationIsVisible = 0;
			defaultConfigurationName = Release;
		};
		8B87A9101A59E2570032D5EF /* Build configuration list for PBXNativeTarget "SHTimer" */ = {
			isa = XCConfigurationList;
			buildConfigurations = (
				8B87A9111A59E2570032D5EF /* Debug */,
				8B87A9121A59E2570032D5EF /* Release */,
			);
			defaultConfigurationIsVisible = 0;
			defaultConfigurationName = Release;
		};
		8B87A9131A59E2570032D5EF /* Build configuration list for PBXNativeTarget "SHTimerTests" */ = {
			isa = XCConfigurationList;
			buildConfigurations = (
				8B87A9141A59E2570032D5EF /* Debug */,
				8B87A9151A59E2570032D5EF /* Release */,
			);
			defaultConfigurationIsVisible = 0;
			defaultConfigurationName = Release;
		};
/* End XCConfigurationList section */
	};
	rootObject = 8B87A8E91A59E2570032D5EF /* Project object */;
}
